
Microsoft Visual Studio Solution File, Format Version 12.00
# Visual Studio Version 17
VisualStudioVersion = 17.6.33717.318
MinimumVisualStudioVersion = 10.0.40219.1
Project("{FAE04EC0-301F-11D3-BF4B-00C04F79EFBC}") = "Kata.CodeWars.LargeFactorial", "Kata.CodeWars.LargeFactorial\Kata.CodeWars.LargeFactorial.csproj", "{2B2A58AE-1F3C-44EC-BED1-387110E8CB67}"
EndProject
Project("{FAE04EC0-301F-11D3-BF4B-00C04F79EFBC}") = "Kata.CodeWars.LargeFactorial.Test", "Kata.CodeWars.LargeFactorial.Test\Kata.CodeWars.LargeFactorial.Test.csproj", "{51A03736-D0A2-4C96-9600-1B49CA52AF9C}"
EndProject
Global
	GlobalSection(SolutionConfigurationPlatforms) = preSolution
		Debug|Any CPU = Debug|Any CPU
		Release|Any CPU = Release|Any CPU
	EndGlobalSection
	GlobalSection(ProjectConfigurationPlatforms) = postSolution
		{2B2A58AE-1F3C-44EC-BED1-387110E8CB67}.Debug|Any CPU.ActiveCfg = Debug|Any CPU
		{2B2A58AE-1F3C-44EC-BED1-387110E8CB67}.Debug|Any CPU.Build.0 = Debug|Any CPU
		{2B2A58AE-1F3C-44EC-BED1-387110E8CB67}.Release|Any CPU.ActiveCfg = Release|Any CPU
		{2B2A58AE-1F3C-44EC-BED1-387110E8CB67}.Release|Any CPU.Build.0 = Release|Any CPU
		{51A03736-D0A2-4C96-9600-1B49CA52AF9C}.Debug|Any CPU.ActiveCfg = Debug|Any CPU
		{51A03736-D0A2-4C96-9600-1B49CA52AF9C}.Debug|Any CPU.Build.0 = Debug|Any CPU
		{51A03736-D0A2-4C96-9600-1B49CA52AF9C}.Release|Any CPU.ActiveCfg = Release|Any CPU
		{51A03736-D0A2-4C96-9600-1B49CA52AF9C}.Release|Any CPU.Build.0 = Release|Any CPU
	EndGlobalSection
	GlobalSection(SolutionProperties) = preSolution
		HideSolutionNode = FALSE
	EndGlobalSection
	GlobalSection(ExtensibilityGlobals) = postSolution
		SolutionGuid = {5FFC7435-8F7C-493A-A527-4BFA686CCDE5}
	EndGlobalSection
EndGlobal
